
Microsoft Visual Studio Solution File, Format Version 12.00
# Visual Studio Version 17
VisualStudioVersion = 17.8.34525.116
MinimumVisualStudioVersion = 10.0.40219.1
Project("{FAE04EC0-301F-11D3-BF4B-00C04F79EFBC}") = "QRMenu_Mvc", "QRMenu_Mvc\QRMenu_Mvc.csproj", "{2276563F-E7E1-4C28-B33E-29C71A1311A1}"
EndProject
Global
	GlobalSection(SolutionConfigurationPlatforms) = preSolution
		Debug|Any CPU = Debug|Any CPU
		Release|Any CPU = Release|Any CPU
	EndGlobalSection
	GlobalSection(ProjectConfigurationPlatforms) = postSolution
		{2276563F-E7E1-4C28-B33E-29C71A1311A1}.Debug|Any CPU.ActiveCfg = Debug|Any CPU
		{2276563F-E7E1-4C28-B33E-29C71A1311A1}.Debug|Any CPU.Build.0 = Debug|Any CPU
		{2276563F-E7E1-4C28-B33E-29C71A1311A1}.Release|Any CPU.ActiveCfg = Release|Any CPU
		{2276563F-E7E1-4C28-B33E-29C71A1311A1}.Release|Any CPU.Build.0 = Release|Any CPU
	EndGlobalSection
	GlobalSection(SolutionProperties) = preSolution
		HideSolutionNode = FALSE
	EndGlobalSection
	GlobalSection(ExtensibilityGlobals) = postSolution
		SolutionGuid = {44A6DF3A-8D52-44DF-8BF2-CCEDE634FEE4}
	EndGlobalSection
EndGlobal
